
Microsoft Visual Studio Solution File, Format Version 12.00
# Visual Studio Version 16
VisualStudioVersion = 16.0.29926.136
MinimumVisualStudioVersion = 10.0.40219.1
Project("{FAE04EC0-301F-11D3-BF4B-00C04F79EFBC}") = "gyak8", "gyak8.csproj", "{005CDADB-3A2A-43F2-AA1E-A66DCCFC045E}"
EndProject
Global
	GlobalSection(SolutionConfigurationPlatforms) = preSolution
		Debug|Any CPU = Debug|Any CPU
		Release|Any CPU = Release|Any CPU
	EndGlobalSection
	GlobalSection(ProjectConfigurationPlatforms) = postSolution
		{005CDADB-3A2A-43F2-AA1E-A66DCCFC045E}.Debug|Any CPU.ActiveCfg = Debug|Any CPU
		{005CDADB-3A2A-43F2-AA1E-A66DCCFC045E}.Debug|Any CPU.Build.0 = Debug|Any CPU
		{005CDADB-3A2A-43F2-AA1E-A66DCCFC045E}.Release|Any CPU.ActiveCfg = Release|Any CPU
		{005CDADB-3A2A-43F2-AA1E-A66DCCFC045E}.Release|Any CPU.Build.0 = Release|Any CPU
	EndGlobalSection
	GlobalSection(SolutionProperties) = preSolution
		HideSolutionNode = FALSE
	EndGlobalSection
	GlobalSection(ExtensibilityGlobals) = postSolution
		SolutionGuid = {F3AB3645-36F4-4198-95A9-72BC2AEB2F30}
	EndGlobalSection
EndGlobal
